// !$*UTF8*$!
{
	archiveVersion = 1;
	classes = {
	};
	objectVersion = 55;
	objects = {

/* Begin PBXBuildFile section */
		8DAF061329F0191E00E5DCAC /* AppDelegate.swift in Sources */ = {isa = PBXBuildFile; fileRef = 8DAF061229F0191E00E5DCAC /* AppDelegate.swift */; };
		8DAF061529F0191E00E5DCAC /* SceneDelegate.swift in Sources */ = {isa = PBXBuildFile; fileRef = 8DAF061429F0191E00E5DCAC /* SceneDelegate.swift */; };
		8DAF061729F0191E00E5DCAC /* ViewController.swift in Sources */ = {isa = PBXBuildFile; fileRef = 8DAF061629F0191E00E5DCAC /* ViewController.swift */; };
		8DAF061A29F0191E00E5DCAC /* Main.storyboard in Resources */ = {isa = PBXBuildFile; fileRef = 8DAF061829F0191E00E5DCAC /* Main.storyboard */; };
		8DAF061C29F0191F00E5DCAC /* Assets.xcassets in Resources */ = {isa = PBXBuildFile; fileRef = 8DAF061B29F0191F00E5DCAC /* Assets.xcassets */; };
		8DAF061F29F0191F00E5DCAC /* LaunchScreen.storyboard in Resources */ = {isa = PBXBuildFile; fileRef = 8DAF061D29F0191F00E5DCAC /* LaunchScreen.storyboard */; };
		8DAF062829F0192F00E5DCAC /* RxCocoa in Frameworks */ = {isa = PBXBuildFile; productRef = 8DAF062729F0192F00E5DCAC /* RxCocoa */; };
		8DAF062A29F0192F00E5DCAC /* RxSwift in Frameworks */ = {isa = PBXBuildFile; productRef = 8DAF062929F0192F00E5DCAC /* RxSwift */; };
		8DAF062C29F019B300E5DCAC /* ViewModel.swift in Sources */ = {isa = PBXBuildFile; fileRef = 8DAF062B29F019B300E5DCAC /* ViewModel.swift */; };
		8DAF062E29F01A2700E5DCAC /* UserModel.swift in Sources */ = {isa = PBXBuildFile; fileRef = 8DAF062D29F01A2700E5DCAC /* UserModel.swift */; };
		8DAF063229F01D3700E5DCAC /* UserTableViewCell.swift in Sources */ = {isa = PBXBuildFile; fileRef = 8DAF063129F01D3700E5DCAC /* UserTableViewCell.swift */; };
		8DAF063429F020F000E5DCAC /* ViewController+TableView.swift in Sources */ = {isa = PBXBuildFile; fileRef = 8DAF063329F020F000E5DCAC /* ViewController+TableView.swift */; };
		8DAF063D29F0358A00E5DCAC /* Differentiator in Frameworks */ = {isa = PBXBuildFile; productRef = 8DAF063C29F0358A00E5DCAC /* Differentiator */; };
		8DAF063F29F0358A00E5DCAC /* RxDataSources in Frameworks */ = {isa = PBXBuildFile; productRef = 8DAF063E29F0358A00E5DCAC /* RxDataSources */; };
/* End PBXBuildFile section */

/* Begin PBXFileReference section */
		8DAF060F29F0191E00E5DCAC /* Notes.app */ = {isa = PBXFileReference; explicitFileType = wrapper.application; includeInIndex = 0; path = Notes.app; sourceTree = BUILT_PRODUCTS_DIR; };
		8DAF061229F0191E00E5DCAC /* AppDelegate.swift */ = {isa = PBXFileReference; lastKnownFileType = sourcecode.swift; path = AppDelegate.swift; sourceTree = "<group>"; };
		8DAF061429F0191E00E5DCAC /* SceneDelegate.swift */ = {isa = PBXFileReference; lastKnownFileType = sourcecode.swift; path = SceneDelegate.swift; sourceTree = "<group>"; };
		8DAF061629F0191E00E5DCAC /* ViewController.swift */ = {isa = PBXFileReference; lastKnownFileType = sourcecode.swift; path = ViewController.swift; sourceTree = "<group>"; };
		8DAF061929F0191E00E5DCAC /* Base */ = {isa = PBXFileReference; lastKnownFileType = file.storyboard; name = Base; path = Base.lproj/Main.storyboard; sourceTree = "<group>"; };
		8DAF061B29F0191F00E5DCAC /* Assets.xcassets */ = {isa = PBXFileReference; lastKnownFileType = folder.assetcatalog; path = Assets.xcassets; sourceTree = "<group>"; };
		8DAF061E29F0191F00E5DCAC /* Base */ = {isa = PBXFileReference; lastKnownFileType = file.storyboard; name = Base; path = Base.lproj/LaunchScreen.storyboard; sourceTree = "<group>"; };
		8DAF062029F0191F00E5DCAC /* Info.plist */ = {isa = PBXFileReference; lastKnownFileType = text.plist.xml; path = Info.plist; sourceTree = "<group>"; };
		8DAF062B29F019B300E5DCAC /* ViewModel.swift */ = {isa = PBXFileReference; lastKnownFileType = sourcecode.swift; path = ViewModel.swift; sourceTree = "<group>"; };
		8DAF062D29F01A2700E5DCAC /* UserModel.swift */ = {isa = PBXFileReference; lastKnownFileType = sourcecode.swift; path = UserModel.swift; sourceTree = "<group>"; };
		8DAF063129F01D3700E5DCAC /* UserTableViewCell.swift */ = {isa = PBXFileReference; lastKnownFileType = sourcecode.swift; path = UserTableViewCell.swift; sourceTree = "<group>"; };
		8DAF063329F020F000E5DCAC /* ViewController+TableView.swift */ = {isa = PBXFileReference; lastKnownFileType = sourcecode.swift; path = "ViewController+TableView.swift"; sourceTree = "<group>"; };
/* End PBXFileReference section */

/* Begin PBXFrameworksBuildPhase section */
		8DAF060C29F0191E00E5DCAC /* Frameworks */ = {
			isa = PBXFrameworksBuildPhase;
			buildActionMask = 2147483647;
			files = (
				8DAF062A29F0192F00E5DCAC /* RxSwift in Frameworks */,
				8DAF063F29F0358A00E5DCAC /* RxDataSources in Frameworks */,
				8DAF063D29F0358A00E5DCAC /* Differentiator in Frameworks */,
				8DAF062829F0192F00E5DCAC /* RxCocoa in Frameworks */,
			);
			runOnlyForDeploymentPostprocessing = 0;
		};
/* End PBXFrameworksBuildPhase section */

/* Begin PBXGroup section */
		8DAF060629F0191E00E5DCAC = {
			isa = PBXGroup;
			children = (
				8DAF061129F0191E00E5DCAC /* Notes */,
				8DAF061029F0191E00E5DCAC /* Products */,
			);
			sourceTree = "<group>";
		};
		8DAF061029F0191E00E5DCAC /* Products */ = {
			isa = PBXGroup;
			children = (
				8DAF060F29F0191E00E5DCAC /* Notes.app */,
			);
			name = Products;
			sourceTree = "<group>";
		};
		8DAF061129F0191E00E5DCAC /* Notes */ = {
			isa = PBXGroup;
			children = (
				8DAF063629F0230500E5DCAC /* AppStart */,
				8DAF063529F022E400E5DCAC /* Controllers */,
				8DAF063829F0232000E5DCAC /* Model */,
				8DAF063A29F0237700E5DCAC /* Resources */,
				8DAF063929F0236400E5DCAC /* View */,
				8DAF063729F0231200E5DCAC /* ViewModel */,
				8DAF062029F0191F00E5DCAC /* Info.plist */,
			);
			path = Notes;
			sourceTree = "<group>";
		};
		8DAF063529F022E400E5DCAC /* Controllers */ = {
			isa = PBXGroup;
			children = (
				8DAF061629F0191E00E5DCAC /* ViewController.swift */,
				8DAF063329F020F000E5DCAC /* ViewController+TableView.swift */,
			);
			path = Controllers;
			sourceTree = "<group>";
		};
		8DAF063629F0230500E5DCAC /* AppStart */ = {
			isa = PBXGroup;
			children = (
				8DAF061229F0191E00E5DCAC /* AppDelegate.swift */,
				8DAF061429F0191E00E5DCAC /* SceneDelegate.swift */,
				8DAF061D29F0191F00E5DCAC /* LaunchScreen.storyboard */,
				8DAF061829F0191E00E5DCAC /* Main.storyboard */,
			);
			path = AppStart;
			sourceTree = "<group>";
		};
		8DAF063729F0231200E5DCAC /* ViewModel */ = {
			isa = PBXGroup;
			children = (
				8DAF062B29F019B300E5DCAC /* ViewModel.swift */,
			);
			path = ViewModel;
			sourceTree = "<group>";
		};
		8DAF063829F0232000E5DCAC /* Model */ = {
			isa = PBXGroup;
			children = (
				8DAF062D29F01A2700E5DCAC /* UserModel.swift */,
			);
			path = Model;
			sourceTree = "<group>";
		};
		8DAF063929F0236400E5DCAC /* View */ = {
			isa = PBXGroup;
			children = (
				8DAF063129F01D3700E5DCAC /* UserTableViewCell.swift */,
			);
			path = View;
			sourceTree = "<group>";
		};
		8DAF063A29F0237700E5DCAC /* Resources */ = {
			isa = PBXGroup;
			children = (
				8DAF061B29F0191F00E5DCAC /* Assets.xcassets */,
			);
			path = Resources;
			sourceTree = "<group>";
		};
/* End PBXGroup section */

/* Begin PBXNativeTarget section */
		8DAF060E29F0191E00E5DCAC /* Notes */ = {
			isa = PBXNativeTarget;
			buildConfigurationList = 8DAF062329F0191F00E5DCAC /* Build configuration list for PBXNativeTarget "Notes" */;
			buildPhases = (
				8DAF060B29F0191E00E5DCAC /* Sources */,
				8DAF060C29F0191E00E5DCAC /* Frameworks */,
				8DAF060D29F0191E00E5DCAC /* Resources */,
			);
			buildRules = (
			);
			dependencies = (
			);
			name = Notes;
			packageProductDependencies = (
				8DAF062729F0192F00E5DCAC /* RxCocoa */,
				8DAF062929F0192F00E5DCAC /* RxSwift */,
				8DAF063C29F0358A00E5DCAC /* Differentiator */,
				8DAF063E29F0358A00E5DCAC /* RxDataSources */,
			);
			productName = Notes;
			productReference = 8DAF060F29F0191E00E5DCAC /* Notes.app */;
			productType = "com.apple.product-type.application";
		};
/* End PBXNativeTarget section */

/* Begin PBXProject section */
		8DAF060729F0191E00E5DCAC /* Project object */ = {
			isa = PBXProject;
			attributes = {
				BuildIndependentTargetsInParallel = 1;
				LastSwiftUpdateCheck = 1340;
				LastUpgradeCheck = 1340;
				TargetAttributes = {
					8DAF060E29F0191E00E5DCAC = {
						CreatedOnToolsVersion = 13.4.1;
					};
				};
			};
			buildConfigurationList = 8DAF060A29F0191E00E5DCAC /* Build configuration list for PBXProject "Notes" */;
			compatibilityVersion = "Xcode 13.0";
			developmentRegion = en;
			hasScannedForEncodings = 0;
			knownRegions = (
				en,
				Base,
			);
			mainGroup = 8DAF060629F0191E00E5DCAC;
			packageReferences = (
				8DAF062629F0192F00E5DCAC /* XCRemoteSwiftPackageReference "RxSwift" */,
				8DAF063B29F0358A00E5DCAC /* XCRemoteSwiftPackageReference "RxDataSources" */,
			);
			productRefGroup = 8DAF061029F0191E00E5DCAC /* Products */;
			projectDirPath = "";
			projectRoot = "";
			targets = (
				8DAF060E29F0191E00E5DCAC /* Notes */,
			);
		};
/* End PBXProject section */

/* Begin PBXResourcesBuildPhase section */
		8DAF060D29F0191E00E5DCAC /* Resources */ = {
			isa = PBXResourcesBuildPhase;
			buildActionMask = 2147483647;
			files = (
				8DAF061F29F0191F00E5DCAC /* LaunchScreen.storyboard in Resources */,
				8DAF061C29F0191F00E5DCAC /* Assets.xcassets in Resources */,
				8DAF061A29F0191E00E5DCAC /* Main.storyboard in Resources */,
			);
			runOnlyForDeploymentPostprocessing = 0;
		};
/* End PBXResourcesBuildPhase section */

/* Begin PBXSourcesBuildPhase section */
		8DAF060B29F0191E00E5DCAC /* Sources */ = {
			isa = PBXSourcesBuildPhase;
			buildActionMask = 2147483647;
			files = (
				8DAF061729F0191E00E5DCAC /* ViewController.swift in Sources */,
				8DAF061329F0191E00E5DCAC /* AppDelegate.swift in Sources */,
				8DAF063429F020F000E5DCAC /* ViewController+TableView.swift in Sources */,
				8DAF062C29F019B300E5DCAC /* ViewModel.swift in Sources */,
				8DAF062E29F01A2700E5DCAC /* UserModel.swift in Sources */,
				8DAF063229F01D3700E5DCAC /* UserTableViewCell.swift in Sources */,
				8DAF061529F0191E00E5DCAC /* SceneDelegate.swift in Sources */,
			);
			runOnlyForDeploymentPostprocessing = 0;
		};
/* End PBXSourcesBuildPhase section */

/* Begin PBXVariantGroup section */
		8DAF061829F0191E00E5DCAC /* Main.storyboard */ = {
			isa = PBXVariantGroup;
			children = (
				8DAF061929F0191E00E5DCAC /* Base */,
			);
			name = Main.storyboard;
			sourceTree = "<group>";
		};
		8DAF061D29F0191F00E5DCAC /* LaunchScreen.storyboard */ = {
			isa = PBXVariantGroup;
			children = (
				8DAF061E29F0191F00E5DCAC /* Base */,
			);
			name = LaunchScreen.storyboard;
			sourceTree = "<group>";
		};
/* End PBXVariantGroup section */

/* Begin XCBuildConfiguration section */
		8DAF062129F0191F00E5DCAC /* Debug */ = {
			isa = XCBuildConfiguration;
			buildSettings = {
				ALWAYS_SEARCH_USER_PATHS = NO;
				CLANG_ANALYZER_NONNULL = YES;
				CLANG_ANALYZER_NUMBER_OBJECT_CONVERSION = YES_AGGRESSIVE;
				CLANG_CXX_LANGUAGE_STANDARD = "gnu++17";
				CLANG_ENABLE_MODULES = YES;
				CLANG_ENABLE_OBJC_ARC = YES;
				CLANG_ENABLE_OBJC_WEAK = YES;
				CLANG_WARN_BLOCK_CAPTURE_AUTORELEASING = YES;
				CLANG_WARN_BOOL_CONVERSION = YES;
				CLANG_WARN_COMMA = YES;
				CLANG_WARN_CONSTANT_CONVERSION = YES;
				CLANG_WARN_DEPRECATED_OBJC_IMPLEMENTATIONS = YES;
				CLANG_WARN_DIRECT_OBJC_ISA_USAGE = YES_ERROR;
				CLANG_WARN_DOCUMENTATION_COMMENTS = YES;
				CLANG_WARN_EMPTY_BODY = YES;
				CLANG_WARN_ENUM_CONVERSION = YES;
				CLANG_WARN_INFINITE_RECURSION = YES;
				CLANG_WARN_INT_CONVERSION = YES;
				CLANG_WARN_NON_LITERAL_NULL_CONVERSION = YES;
				CLANG_WARN_OBJC_IMPLICIT_RETAIN_SELF = YES;
				CLANG_WARN_OBJC_LITERAL_CONVERSION = YES;
				CLANG_WARN_OBJC_ROOT_CLASS = YES_ERROR;
				CLANG_WARN_QUOTED_INCLUDE_IN_FRAMEWORK_HEADER = YES;
				CLANG_WARN_RANGE_LOOP_ANALYSIS = YES;
				CLANG_WARN_STRICT_PROTOTYPES = YES;
				CLANG_WARN_SUSPICIOUS_MOVE = YES;
				CLANG_WARN_UNGUARDED_AVAILABILITY = YES_AGGRESSIVE;
				CLANG_WARN_UNREACHABLE_CODE = YES;
				CLANG_WARN__DUPLICATE_METHOD_MATCH = YES;
				COPY_PHASE_STRIP = NO;
				DEBUG_INFORMATION_FORMAT = dwarf;
				ENABLE_STRICT_OBJC_MSGSEND = YES;
				ENABLE_TESTABILITY = YES;
				GCC_C_LANGUAGE_STANDARD = gnu11;
				GCC_DYNAMIC_NO_PIC = NO;
				GCC_NO_COMMON_BLOCKS = YES;
				GCC_OPTIMIZATION_LEVEL = 0;
				GCC_PREPROCESSOR_DEFINITIONS = (
					"DEBUG=1",
					"$(inherited)",
				);
				GCC_WARN_64_TO_32_BIT_CONVERSION = YES;
				GCC_WARN_ABOUT_RETURN_TYPE = YES_ERROR;
				GCC_WARN_UNDECLARED_SELECTOR = YES;
				GCC_WARN_UNINITIALIZED_AUTOS = YES_AGGRESSIVE;
				GCC_WARN_UNUSED_FUNCTION = YES;
				GCC_WARN_UNUSED_VARIABLE = YES;
				IPHONEOS_DEPLOYMENT_TARGET = 15.5;
				MTL_ENABLE_DEBUG_INFO = INCLUDE_SOURCE;
				MTL_FAST_MATH = YES;
				ONLY_ACTIVE_ARCH = YES;
				SDKROOT = iphoneos;
				SWIFT_ACTIVE_COMPILATION_CONDITIONS = DEBUG;
				SWIFT_OPTIMIZATION_LEVEL = "-Onone";
			};
			name = Debug;
		};
		8DAF062229F0191F00E5DCAC /* Release */ = {
			isa = XCBuildConfiguration;
			buildSettings = {
				ALWAYS_SEARCH_USER_PATHS = NO;
				CLANG_ANALYZER_NONNULL = YES;
				CLANG_ANALYZER_NUMBER_OBJECT_CONVERSION = YES_AGGRESSIVE;
				CLANG_CXX_LANGUAGE_STANDARD = "gnu++17";
				CLANG_ENABLE_MODULES = YES;
				CLANG_ENABLE_OBJC_ARC = YES;
				CLANG_ENABLE_OBJC_WEAK = YES;
				CLANG_WARN_BLOCK_CAPTURE_AUTORELEASING = YES;
				CLANG_WARN_BOOL_CONVERSION = YES;
				CLANG_WARN_COMMA = YES;
				CLANG_WARN_CONSTANT_CONVERSION = YES;
				CLANG_WARN_DEPRECATED_OBJC_IMPLEMENTATIONS = YES;
				CLANG_WARN_DIRECT_OBJC_ISA_USAGE = YES_ERROR;
				CLANG_WARN_DOCUMENTATION_COMMENTS = YES;
				CLANG_WARN_EMPTY_BODY = YES;
				CLANG_WARN_ENUM_CONVERSION = YES;
				CLANG_WARN_INFINITE_RECURSION = YES;
				CLANG_WARN_INT_CONVERSION = YES;
				CLANG_WARN_NON_LITERAL_NULL_CONVERSION = YES;
				CLANG_WARN_OBJC_IMPLICIT_RETAIN_SELF = YES;
				CLANG_WARN_OBJC_LITERAL_CONVERSION = YES;
				CLANG_WARN_OBJC_ROOT_CLASS = YES_ERROR;
				CLANG_WARN_QUOTED_INCLUDE_IN_FRAMEWORK_HEADER = YES;
				CLANG_WARN_RANGE_LOOP_ANALYSIS = YES;
				CLANG_WARN_STRICT_PROTOTYPES = YES;
				CLANG_WARN_SUSPICIOUS_MOVE = YES;
				CLANG_WARN_UNGUARDED_AVAILABILITY = YES_AGGRESSIVE;
				CLANG_WARN_UNREACHABLE_CODE = YES;
				CLANG_WARN__DUPLICATE_METHOD_MATCH = YES;
				COPY_PHASE_STRIP = NO;
				DEBUG_INFORMATION_FORMAT = "dwarf-with-dsym";
				ENABLE_NS_ASSERTIONS = NO;
				ENABLE_STRICT_OBJC_MSGSEND = YES;
				GCC_C_LANGUAGE_STANDARD = gnu11;
				GCC_NO_COMMON_BLOCKS = YES;
				GCC_WARN_64_TO_32_BIT_CONVERSION = YES;
				GCC_WARN_ABOUT_RETURN_TYPE = YES_ERROR;
				GCC_WARN_UNDECLARED_SELECTOR = YES;
				GCC_WARN_UNINITIALIZED_AUTOS = YES_AGGRESSIVE;
				GCC_WARN_UNUSED_FUNCTION = YES;
				GCC_WARN_UNUSED_VARIABLE = YES;
				IPHONEOS_DEPLOYMENT_TARGET = 15.5;
				MTL_ENABLE_DEBUG_INFO = NO;
				MTL_FAST_MATH = YES;
				SDKROOT = iphoneos;
				SWIFT_COMPILATION_MODE = wholemodule;
				SWIFT_OPTIMIZATION_LEVEL = "-O";
				VALIDATE_PRODUCT = YES;
			};
			name = Release;
		};
		8DAF062429F0191F00E5DCAC /* Debug */ = {
			isa = XCBuildConfiguration;
			buildSettings = {
				ASSETCATALOG_COMPILER_APPICON_NAME = AppIcon;
				ASSETCATALOG_COMPILER_GLOBAL_ACCENT_COLOR_NAME = AccentColor;
				CODE_SIGN_STYLE = Automatic;
				CURRENT_PROJECT_VERSION = 1;
				DEVELOPMENT_TEAM = TGBHB6DPPU;
				GENERATE_INFOPLIST_FILE = YES;
				INFOPLIST_FILE = Notes/Info.plist;
				INFOPLIST_KEY_UIApplicationSupportsIndirectInputEvents = YES;
				INFOPLIST_KEY_UILaunchStoryboardName = LaunchScreen;
				INFOPLIST_KEY_UIMainStoryboardFile = Main;
				INFOPLIST_KEY_UISupportedInterfaceOrientations_iPad = "UIInterfaceOrientationPortrait UIInterfaceOrientationPortraitUpsideDown UIInterfaceOrientationLandscapeLeft UIInterfaceOrientationLandscapeRight";
				INFOPLIST_KEY_UISupportedInterfaceOrientations_iPhone = "UIInterfaceOrientationPortrait UIInterfaceOrientationLandscapeLeft UIInterfaceOrientationLandscapeRight";
				LD_RUNPATH_SEARCH_PATHS = (
					"$(inherited)",
					"@executable_path/Frameworks",
				);
				MARKETING_VERSION = 1.0;
				PRODUCT_BUNDLE_IDENTIFIER = com.rafaelnunes.Notes;
				PRODUCT_NAME = "$(TARGET_NAME)";
				SWIFT_EMIT_LOC_STRINGS = YES;
				SWIFT_VERSION = 5.0;
				TARGETED_DEVICE_FAMILY = "1,2";
			};
			name = Debug;
		};
		8DAF062529F0191F00E5DCAC /* Release */ = {
			isa = XCBuildConfiguration;
			buildSettings = {
				ASSETCATALOG_COMPILER_APPICON_NAME = AppIcon;
				ASSETCATALOG_COMPILER_GLOBAL_ACCENT_COLOR_NAME = AccentColor;
				CODE_SIGN_STYLE = Automatic;
				CURRENT_PROJECT_VERSION = 1;
				DEVELOPMENT_TEAM = TGBHB6DPPU;
				GENERATE_INFOPLIST_FILE = YES;
				INFOPLIST_FILE = Notes/Info.plist;
				INFOPLIST_KEY_UIApplicationSupportsIndirectInputEvents = YES;
				INFOPLIST_KEY_UILaunchStoryboardName = LaunchScreen;
				INFOPLIST_KEY_UIMainStoryboardFile = Main;
				INFOPLIST_KEY_UISupportedInterfaceOrientations_iPad = "UIInterfaceOrientationPortrait UIInterfaceOrientationPortraitUpsideDown UIInterfaceOrientationLandscapeLeft UIInterfaceOrientationLandscapeRight";
				INFOPLIST_KEY_UISupportedInterfaceOrientations_iPhone = "UIInterfaceOrientationPortrait UIInterfaceOrientationLandscapeLeft UIInterfaceOrientationLandscapeRight";
				LD_RUNPATH_SEARCH_PATHS = (
					"$(inherited)",
					"@executable_path/Frameworks",
				);
				MARKETING_VERSION = 1.0;
				PRODUCT_BUNDLE_IDENTIFIER = com.rafaelnunes.Notes;
				PRODUCT_NAME = "$(TARGET_NAME)";
				SWIFT_EMIT_LOC_STRINGS = YES;
				SWIFT_VERSION = 5.0;
				TARGETED_DEVICE_FAMILY = "1,2";
			};
			name = Release;
		};
/* End XCBuildConfiguration section */

/* Begin XCConfigurationList section */
		8DAF060A29F0191E00E5DCAC /* Build configuration list for PBXProject "Notes" */ = {
			isa = XCConfigurationList;
			buildConfigurations = (
				8DAF062129F0191F00E5DCAC /* Debug */,
				8DAF062229F0191F00E5DCAC /* Release */,
			);
			defaultConfigurationIsVisible = 0;
			defaultConfigurationName = Release;
		};
		8DAF062329F0191F00E5DCAC /* Build configuration list for PBXNativeTarget "Notes" */ = {
			isa = XCConfigurationList;
			buildConfigurations = (
				8DAF062429F0191F00E5DCAC /* Debug */,
				8DAF062529F0191F00E5DCAC /* Release */,
			);
			defaultConfigurationIsVisible = 0;
			defaultConfigurationName = Release;
		};
/* End XCConfigurationList section */

/* Begin XCRemoteSwiftPackageReference section */
		8DAF062629F0192F00E5DCAC /* XCRemoteSwiftPackageReference "RxSwift" */ = {
			isa = XCRemoteSwiftPackageReference;
			repositoryURL = "https://github.com/ReactiveX/RxSwift";
			requirement = {
				branch = main;
				kind = branch;
			};
		};
		8DAF063B29F0358A00E5DCAC /* XCRemoteSwiftPackageReference "RxDataSources" */ = {
			isa = XCRemoteSwiftPackageReference;
			repositoryURL = "https://github.com/RxSwiftCommunity/RxDataSources";
			requirement = {
				kind = upToNextMajorVersion;
				minimumVersion = 5.0.0;
			};
		};
/* End XCRemoteSwiftPackageReference section */

/* Begin XCSwiftPackageProductDependency section */
		8DAF062729F0192F00E5DCAC /* RxCocoa */ = {
			isa = XCSwiftPackageProductDependency;
			package = 8DAF062629F0192F00E5DCAC /* XCRemoteSwiftPackageReference "RxSwift" */;
			productName = RxCocoa;
		};
		8DAF062929F0192F00E5DCAC /* RxSwift */ = {
			isa = XCSwiftPackageProductDependency;
			package = 8DAF062629F0192F00E5DCAC /* XCRemoteSwiftPackageReference "RxSwift" */;
			productName = RxSwift;
		};
		8DAF063C29F0358A00E5DCAC /* Differentiator */ = {
			isa = XCSwiftPackageProductDependency;
			package = 8DAF063B29F0358A00E5DCAC /* XCRemoteSwiftPackageReference "RxDataSources" */;
			productName = Differentiator;
		};
		8DAF063E29F0358A00E5DCAC /* RxDataSources */ = {
			isa = XCSwiftPackageProductDependency;
			package = 8DAF063B29F0358A00E5DCAC /* XCRemoteSwiftPackageReference "RxDataSources" */;
			productName = RxDataSources;
		};
/* End XCSwiftPackageProductDependency section */
	};
	rootObject = 8DAF060729F0191E00E5DCAC /* Project object */;
}
